lockfileVersion: 5.4

specifiers:
  '@types/leaflet': ^1.9.0
  leaflet: 1.9.0

dependencies:
  leaflet: 1.9.0

devDependencies:
  '@types/leaflet': 1.9.0

packages:

  /@types/geojson/7946.0.10:
    resolution: {integrity: sha512-Nmh0K3iWQJzniTuPRcJn5hxXkfB1T1pgB89SBig5PlJQU5yocazeu4jATJlaA0GYFKWMqDdvYemoSnF2pXgLVA==}
    dev: true

  /@types/leaflet/1.9.0:
    resolution: {integrity: sha512-7LeOSj7EloC5UcyOMo+1kc3S1UT3MjJxwqsMT1d2PTyvQz53w0Y0oSSk9nwZnOZubCmBvpSNGceucxiq+ZPEUw==}
    dependencies:
      '@types/geojson': 7946.0.10
    dev: true

  /leaflet/1.9.0:
    resolution: {integrity: sha512-lL8433PmoPoTSfPoPMzsQdTKmH36Rn2bQx9/j0bbZ98LimrsMof0P+7AQ0LntwRbjXe601j/IY1P2mwBRnN/1Q==}
    dev: false
