lockfileVersion: 5.4

specifiers:
  asciinema-player: ^3.0.1
  zod: ^3.19.1

dependencies:
  asciinema-player: 3.0.1
  zod: 3.19.1

packages:

  /@babel/runtime/7.19.4:
    resolution: {integrity: sha512-EXpLCrk55f+cYqmHsSR+yD/0gAIMxxA9QK9lnQWzhMCvt+YmoBN7Zx94s++Kv0+unHk39vxNO8t+CMA2WSS3wA==}
    engines: {node: '>=6.9.0'}
    dependencies:
      regenerator-runtime: 0.13.10
    dev: false

  /asciinema-player/3.0.1:
    resolution: {integrity: sha512-plm/C/MhOtZWysrfcT/rzxOuu8vxvvDSvF50pqZS6KpJUDmATedAhO54zktbE/g7RiaaYfzgX8xjRhlQdgISwA==}
    dependencies:
      '@babel/runtime': 7.19.4
      solid-js: 1.5.7
    dev: false

  /csstype/3.1.1:
    resolution: {integrity: sha512-DJR/VvkAvSZW9bTouZue2sSxDwdTN92uHjqeKVm+0dAqdfNykRzQ95tay8aXMBAAPpUiq4Qcug2L7neoRh2Egw==}
    dev: false

  /regenerator-runtime/0.13.10:
    resolution: {integrity: sha512-KepLsg4dU12hryUO7bp/axHAKvwGOCV0sGloQtpagJ12ai+ojVDqkeGSiRX1zlq+kjIMZ1t7gpze+26QqtdGqw==}
    dev: false

  /solid-js/1.5.7:
    resolution: {integrity: sha512-L1UuyMuZZARAwzXo5NZDhE6yxc14aqNbVOUoGzvlcxRZo1Cm4ExhPV0diEfwDyiKG/igqNNLkNurHkXiI5sVEg==}
    dependencies:
      csstype: 3.1.1
    dev: false

  /zod/3.19.1:
    resolution: {integrity: sha512-LYjZsEDhCdYET9ikFu6dVPGp2YH9DegXjdJToSzD9rO6fy4qiRYFoyEYwps88OseJlPyl2NOe2iJuhEhL7IpEA==}
    dev: false
